version = 1
revision = 3
requires-python = ">=3.11"

[[package]]
name = "pika"
version = "1.4.4"
source = { registry = "https://pypi.org/simple" }
sdist = { url = "https://files.pythonhosted.org/packages/7f/26/54e0b98a7f60b474cb0a6c05ecf048d4bc8c866e10ab1c82bc83865e7421/pika-1.4.4.tar.gz", hash = "sha256:8cfc8b33a5cb16e733bd60cffca9732c0d1d761ecd80a89f34ed7df2cd38d6d6", size = 154713, upload-time = "2026-08-06T21:33:39.836Z" }
wheels = [
    { url = "https://files.pythonhosted.org/packages/7c/f3/921170b78779ac3f8b405cb28fce88acca1562ac114072cbf0a115e19bb9/pika-1.4.4-py3-none-any.whl", hash = "sha256:48de960c97a93b55db06b8be4c53eb977c9c8a2754c57cdae9097abcbd70ce04", size = 165275, upload-time = "2026-08-06T21:33:38.449Z" },
]

[[package]]
name = "pubsub"
version = "0.1.0"
source = { virtual = "." }
dependencies = [
    { name = "pika" },
]

[package.metadata]
requires-dist = [{ name = "pika", specifier = ">=1.4.4,<1.5" }]
